
Microsoft Visual Studio Solution File, Format Version 11.00
# Visual Studio 2010
# SharpDevelop 4.2.0.8322-alpha
Project("{FAE04EC0-301F-11D3-BF4B-00C04F79EFBC}") = "SharpLua", "SharpLua\SharpLua.csproj", "{9B6F4AAC-1B76-4CB6-B7CE-EFBBB0C7F5C0}"
EndProject
Project("{FAE04EC0-301F-11D3-BF4B-00C04F79EFBC}") = "SharpLuaAddIn", "SharpLuaAddIn\SharpLuaAddIn.csproj", "{30C23BA2-6437-42AB-A1D0-C3CDCCCEEA6E}"
EndProject
Project("{FAE04EC0-301F-11D3-BF4B-00C04F79EFBC}") = "CryptoLib", "CryptoLib\CryptoLib.csproj", "{46C69906-7D2A-4A47-BE44-49D737AD2040}"
EndProject
Project("{FAE04EC0-301F-11D3-BF4B-00C04F79EFBC}") = "SharpLua.Serializer", "SharpLua.Serializer\SharpLua.Serializer.csproj", "{3C2FAD20-CEE7-41E0-8752-EBA884AA68A4}"
EndProject
Project("{FAE04EC0-301F-11D3-BF4B-00C04F79EFBC}") = "SharpLua.Compiler", "SharpLua.Compiler\SharpLua.Compiler.csproj", "{9CD41607-7DA3-4409-8883-C571069365FF}"
EndProject
Project("{FAE04EC0-301F-11D3-BF4B-00C04F79EFBC}") = "SharpLua.Interactive", "SharpLua.Interactive\SharpLua.Interactive.csproj", "{B948BBD7-BC7D-41E5-BB6C-E00412AE22D4}"
EndProject
Global
	GlobalSection(SolutionConfigurationPlatforms) = preSolution
		Debug|x86 = Debug|x86
		Release|x86 = Release|x86
		Debug|Any CPU = Debug|Any CPU
		Release|Any CPU = Release|Any CPU
	EndGlobalSection
	GlobalSection(ProjectConfigurationPlatforms) = postSolution
		{9B6F4AAC-1B76-4CB6-B7CE-EFBBB0C7F5C0}.Debug|x86.ActiveCfg = Debug|x86
		{9B6F4AAC-1B76-4CB6-B7CE-EFBBB0C7F5C0}.Debug|x86.Build.0 = Debug|x86
		{9B6F4AAC-1B76-4CB6-B7CE-EFBBB0C7F5C0}.Release|x86.ActiveCfg = Release|x86
		{9B6F4AAC-1B76-4CB6-B7CE-EFBBB0C7F5C0}.Release|x86.Build.0 = Release|x86
		{9B6F4AAC-1B76-4CB6-B7CE-EFBBB0C7F5C0}.Debug|Any CPU.Build.0 = Debug|Any CPU
		{9B6F4AAC-1B76-4CB6-B7CE-EFBBB0C7F5C0}.Debug|Any CPU.ActiveCfg = Debug|Any CPU
		{9B6F4AAC-1B76-4CB6-B7CE-EFBBB0C7F5C0}.Release|Any CPU.Build.0 = Release|Any CPU
		{9B6F4AAC-1B76-4CB6-B7CE-EFBBB0C7F5C0}.Release|Any CPU.ActiveCfg = Release|Any CPU
		{30C23BA2-6437-42AB-A1D0-C3CDCCCEEA6E}.Debug|x86.Build.0 = Debug|x86
		{30C23BA2-6437-42AB-A1D0-C3CDCCCEEA6E}.Debug|x86.ActiveCfg = Debug|x86
		{30C23BA2-6437-42AB-A1D0-C3CDCCCEEA6E}.Debug|Any CPU.Build.0 = Debug|x86
		{30C23BA2-6437-42AB-A1D0-C3CDCCCEEA6E}.Debug|Any CPU.ActiveCfg = Debug|x86
		{30C23BA2-6437-42AB-A1D0-C3CDCCCEEA6E}.Release|x86.Build.0 = Release|x86
		{30C23BA2-6437-42AB-A1D0-C3CDCCCEEA6E}.Release|x86.ActiveCfg = Release|x86
		{30C23BA2-6437-42AB-A1D0-C3CDCCCEEA6E}.Release|Any CPU.Build.0 = Release|x86
		{30C23BA2-6437-42AB-A1D0-C3CDCCCEEA6E}.Release|Any CPU.ActiveCfg = Release|x86
		{46C69906-7D2A-4A47-BE44-49D737AD2040}.Debug|x86.Build.0 = Debug|x86
		{46C69906-7D2A-4A47-BE44-49D737AD2040}.Debug|x86.ActiveCfg = Debug|x86
		{46C69906-7D2A-4A47-BE44-49D737AD2040}.Debug|Any CPU.Build.0 = Debug|x86
		{46C69906-7D2A-4A47-BE44-49D737AD2040}.Debug|Any CPU.ActiveCfg = Debug|x86
		{46C69906-7D2A-4A47-BE44-49D737AD2040}.Release|x86.Build.0 = Release|x86
		{46C69906-7D2A-4A47-BE44-49D737AD2040}.Release|x86.ActiveCfg = Release|x86
		{46C69906-7D2A-4A47-BE44-49D737AD2040}.Release|Any CPU.Build.0 = Release|x86
		{46C69906-7D2A-4A47-BE44-49D737AD2040}.Release|Any CPU.ActiveCfg = Release|x86
		{3C2FAD20-CEE7-41E0-8752-EBA884AA68A4}.Debug|x86.Build.0 = Debug|x86
		{3C2FAD20-CEE7-41E0-8752-EBA884AA68A4}.Debug|x86.ActiveCfg = Debug|x86
		{3C2FAD20-CEE7-41E0-8752-EBA884AA68A4}.Debug|Any CPU.Build.0 = Debug|x86
		{3C2FAD20-CEE7-41E0-8752-EBA884AA68A4}.Debug|Any CPU.ActiveCfg = Debug|x86
		{3C2FAD20-CEE7-41E0-8752-EBA884AA68A4}.Release|x86.Build.0 = Release|x86
		{3C2FAD20-CEE7-41E0-8752-EBA884AA68A4}.Release|x86.ActiveCfg = Release|x86
		{3C2FAD20-CEE7-41E0-8752-EBA884AA68A4}.Release|Any CPU.Build.0 = Release|x86
		{3C2FAD20-CEE7-41E0-8752-EBA884AA68A4}.Release|Any CPU.ActiveCfg = Release|x86
		{9CD41607-7DA3-4409-8883-C571069365FF}.Debug|x86.Build.0 = Debug|x86
		{9CD41607-7DA3-4409-8883-C571069365FF}.Debug|x86.ActiveCfg = Debug|x86
		{9CD41607-7DA3-4409-8883-C571069365FF}.Debug|Any CPU.Build.0 = Debug|x86
		{9CD41607-7DA3-4409-8883-C571069365FF}.Debug|Any CPU.ActiveCfg = Debug|x86
		{9CD41607-7DA3-4409-8883-C571069365FF}.Release|x86.Build.0 = Release|x86
		{9CD41607-7DA3-4409-8883-C571069365FF}.Release|x86.ActiveCfg = Release|x86
		{9CD41607-7DA3-4409-8883-C571069365FF}.Release|Any CPU.Build.0 = Release|x86
		{9CD41607-7DA3-4409-8883-C571069365FF}.Release|Any CPU.ActiveCfg = Release|x86
		{B948BBD7-BC7D-41E5-BB6C-E00412AE22D4}.Debug|x86.Build.0 = Debug|x86
		{B948BBD7-BC7D-41E5-BB6C-E00412AE22D4}.Debug|x86.ActiveCfg = Debug|x86
		{B948BBD7-BC7D-41E5-BB6C-E00412AE22D4}.Debug|Any CPU.Build.0 = Debug|x86
		{B948BBD7-BC7D-41E5-BB6C-E00412AE22D4}.Debug|Any CPU.ActiveCfg = Debug|x86
		{B948BBD7-BC7D-41E5-BB6C-E00412AE22D4}.Release|x86.Build.0 = Release|x86
		{B948BBD7-BC7D-41E5-BB6C-E00412AE22D4}.Release|x86.ActiveCfg = Release|x86
		{B948BBD7-BC7D-41E5-BB6C-E00412AE22D4}.Release|Any CPU.Build.0 = Release|x86
		{B948BBD7-BC7D-41E5-BB6C-E00412AE22D4}.Release|Any CPU.ActiveCfg = Release|x86
	EndGlobalSection
	GlobalSection(SolutionProperties) = preSolution
		HideSolutionNode = FALSE
	EndGlobalSection
EndGlobal
