
Microsoft Visual Studio Solution File, Format Version 12.00
# Visual Studio 2012
Project("{2150E333-8FDC-42A3-9474-1A3956D46DE8}") = "Old", "Old", "{937488AD-919D-484A-B175-76AA86F0CC82}"
EndProject
Project("{2150E333-8FDC-42A3-9474-1A3956D46DE8}") = "Sample Projects", "Sample Projects", "{2EE1AFC5-E8E6-4B07-ADB3-EF71A204BE18}"
EndProject
Project("{FAE04EC0-301F-11D3-BF4B-00C04F79EFBC}") = "CSharpExampleProject", "OLD.SharpLua\Example Projects\CSharpExampleProject\CSharpExampleProject.csproj", "{42F70066-1EBA-48AD-BD36-EBB844DC1753}"
EndProject
Project("{F184B08F-C81C-45F6-A57F-5ABD9991F28F}") = "VBNetExampleProject", "OLD.SharpLua\Example Projects\CSharpExampleProject.ConvertedToVBNet\VBNetExampleProject.vbproj", "{4ACE6EE9-6D4F-4F03-AA8E-1459D3E35D16}"
EndProject
Project("{FAE04EC0-301F-11D3-BF4B-00C04F79EFBC}") = "SharpLua", "OLD.SharpLua\SharpLua\SharpLua.csproj", "{9B6F4AAC-1B76-4CB6-B7CE-EFBBB0C7F5C0}"
EndProject
Project("{FAE04EC0-301F-11D3-BF4B-00C04F79EFBC}") = "SharpLuaAddIn", "OLD.SharpLua\SharpLuaAddIn\SharpLuaAddIn.csproj", "{30C23BA2-6437-42AB-A1D0-C3CDCCCEEA6E}"
EndProject
Project("{FAE04EC0-301F-11D3-BF4B-00C04F79EFBC}") = "CryptoLib", "OLD.SharpLua\CryptoLib\CryptoLib.csproj", "{46C69906-7D2A-4A47-BE44-49D737AD2040}"
EndProject
Project("{FAE04EC0-301F-11D3-BF4B-00C04F79EFBC}") = "SharpLua.Serializer", "OLD.SharpLua\SharpLua.Serializer\SharpLua.Serializer.csproj", "{3C2FAD20-CEE7-41E0-8752-EBA884AA68A4}"
EndProject
Project("{FAE04EC0-301F-11D3-BF4B-00C04F79EFBC}") = "SharpLua.Compiler", "OLD.SharpLua\SharpLua.Compiler\SharpLua.Compiler.csproj", "{9CD41607-7DA3-4409-8883-C571069365FF}"
EndProject
Project("{FAE04EC0-301F-11D3-BF4B-00C04F79EFBC}") = "SharpLua.Interactive", "OLD.SharpLua\SharpLua.Interactive\SharpLua.Interactive.csproj", "{B948BBD7-BC7D-41E5-BB6C-E00412AE22D4}"
EndProject
Project("{FAE04EC0-301F-11D3-BF4B-00C04F79EFBC}") = "SharpLua.Scripts", "OLD.SharpLua\SharpLua.Scripts\SharpLua.Scripts.csproj", "{7D212EEB-E156-448D-8109-77FA17E59DFB}"
EndProject
Project("{FAE04EC0-301F-11D3-BF4B-00C04F79EFBC}") = "SharpLua.Launcher", "OLD.SharpLua\SharpLua.Launcher\SharpLua.Launcher.csproj", "{D18334FA-6CE5-4314-98C1-F39FD411F2A8}"
EndProject
Project("{FAE04EC0-301F-11D3-BF4B-00C04F79EFBC}") = "SharpLua.Web", "OLD.SharpLua\SharpLua.Web\SharpLua.Web.csproj", "{B1F2AFFF-54E8-43E3-B8AF-CACC02240289}"
EndProject
Project("{FAE04EC0-301F-11D3-BF4B-00C04F79EFBC}") = "SharpLua.Web.TestPages", "OLD.SharpLua\SharpLua.Web.TestPages\SharpLua.Web.TestPages.csproj", "{3DFABD0B-14C1-4B70-8CDE-5EFB245804C6}"
EndProject
Project("{2150E333-8FDC-42A3-9474-1A3956D46DE8}") = "experimental", "experimental", "{95C726C6-AD83-436D-B731-7940F73615A6}"
EndProject
Project("{FAE04EC0-301F-11D3-BF4B-00C04F79EFBC}") = "experimental", "experimental\experimental\experimental.csproj", "{98482CFC-87CD-4DD1-B3F7-F72CAB6B293D}"
EndProject
Project("{FAE04EC0-301F-11D3-BF4B-00C04F79EFBC}") = "experimental-luaminify-parser", "experimental\experimental-luaminify-parser\experimental-luaminify-parser.csproj", "{A214D0D3-F401-47BE-AA7A-ACCA8EAF4287}"
EndProject
Project("{FAE04EC0-301F-11D3-BF4B-00C04F79EFBC}") = "SharpLua", "SharpLua\SharpLua.csproj", "{90A9C907-11AD-4754-8B70-51CCB3A6C98A}"
EndProject
Project("{FAE04EC0-301F-11D3-BF4B-00C04F79EFBC}") = "SharpLua.Interactive", "SharpLua.Interactive\SharpLua.Interactive.csproj", "{1D70EC1D-7B9F-4367-9258-DCB286EBDE82}"
EndProject
Project("{FAE04EC0-301F-11D3-BF4B-00C04F79EFBC}") = "SharpLua.InterfacingTests", "SharpLua.InterfacingTests\SharpLua.InterfacingTests.csproj", "{BCD0E027-6DDC-4784-9E36-20835B85E4A3}"
EndProject
Project("{FAE04EC0-301F-11D3-BF4B-00C04F79EFBC}") = "SharpLua.Compiler", "SharpLua.Compiler\SharpLua.Compiler.csproj", "{7C1D0B1F-8C51-4D0D-95D4-780596506291}"
EndProject
Project("{FAE04EC0-301F-11D3-BF4B-00C04F79EFBC}") = "experimental-newparser", "experimental-newparser\experimental-newparser.csproj", "{BD25C8CB-A6C2-4041-AE32-CD0E91696759}"
EndProject
Global
	GlobalSection(SolutionConfigurationPlatforms) = preSolution
		Debug|Any CPU = Debug|Any CPU
		Debug|Mixed Platforms = Debug|Mixed Platforms
		Debug|Win32 = Debug|Win32
		Debug|x86 = Debug|x86
		Release|Any CPU = Release|Any CPU
		Release|Mixed Platforms = Release|Mixed Platforms
		Release|Win32 = Release|Win32
		Release|x86 = Release|x86
	EndGlobalSection
	GlobalSection(ProjectConfigurationPlatforms) = postSolution
		{42F70066-1EBA-48AD-BD36-EBB844DC1753}.Debug|Any CPU.ActiveCfg = Debug|x86
		{42F70066-1EBA-48AD-BD36-EBB844DC1753}.Debug|Any CPU.Build.0 = Debug|x86
		{42F70066-1EBA-48AD-BD36-EBB844DC1753}.Debug|Mixed Platforms.ActiveCfg = Debug|x86
		{42F70066-1EBA-48AD-BD36-EBB844DC1753}.Debug|Mixed Platforms.Build.0 = Debug|x86
		{42F70066-1EBA-48AD-BD36-EBB844DC1753}.Debug|Win32.ActiveCfg = Debug|x86
		{42F70066-1EBA-48AD-BD36-EBB844DC1753}.Debug|Win32.Build.0 = Debug|x86
		{42F70066-1EBA-48AD-BD36-EBB844DC1753}.Debug|x86.ActiveCfg = Debug|x86
		{42F70066-1EBA-48AD-BD36-EBB844DC1753}.Debug|x86.Build.0 = Debug|x86
		{42F70066-1EBA-48AD-BD36-EBB844DC1753}.Release|Any CPU.ActiveCfg = Release|x86
		{42F70066-1EBA-48AD-BD36-EBB844DC1753}.Release|Any CPU.Build.0 = Release|x86
		{42F70066-1EBA-48AD-BD36-EBB844DC1753}.Release|Mixed Platforms.ActiveCfg = Release|x86
		{42F70066-1EBA-48AD-BD36-EBB844DC1753}.Release|Mixed Platforms.Build.0 = Release|x86
		{42F70066-1EBA-48AD-BD36-EBB844DC1753}.Release|Win32.ActiveCfg = Release|x86
		{42F70066-1EBA-48AD-BD36-EBB844DC1753}.Release|Win32.Build.0 = Release|x86
		{42F70066-1EBA-48AD-BD36-EBB844DC1753}.Release|x86.ActiveCfg = Release|x86
		{42F70066-1EBA-48AD-BD36-EBB844DC1753}.Release|x86.Build.0 = Release|x86
		{4ACE6EE9-6D4F-4F03-AA8E-1459D3E35D16}.Debug|Any CPU.ActiveCfg = Debug|x86
		{4ACE6EE9-6D4F-4F03-AA8E-1459D3E35D16}.Debug|Any CPU.Build.0 = Debug|x86
		{4ACE6EE9-6D4F-4F03-AA8E-1459D3E35D16}.Debug|Mixed Platforms.ActiveCfg = Debug|x86
		{4ACE6EE9-6D4F-4F03-AA8E-1459D3E35D16}.Debug|Mixed Platforms.Build.0 = Debug|x86
		{4ACE6EE9-6D4F-4F03-AA8E-1459D3E35D16}.Debug|Win32.ActiveCfg = Debug|x86
		{4ACE6EE9-6D4F-4F03-AA8E-1459D3E35D16}.Debug|Win32.Build.0 = Debug|x86
		{4ACE6EE9-6D4F-4F03-AA8E-1459D3E35D16}.Debug|x86.ActiveCfg = Debug|x86
		{4ACE6EE9-6D4F-4F03-AA8E-1459D3E35D16}.Debug|x86.Build.0 = Debug|x86
		{4ACE6EE9-6D4F-4F03-AA8E-1459D3E35D16}.Release|Any CPU.ActiveCfg = Release|x86
		{4ACE6EE9-6D4F-4F03-AA8E-1459D3E35D16}.Release|Any CPU.Build.0 = Release|x86
		{4ACE6EE9-6D4F-4F03-AA8E-1459D3E35D16}.Release|Mixed Platforms.ActiveCfg = Release|x86
		{4ACE6EE9-6D4F-4F03-AA8E-1459D3E35D16}.Release|Mixed Platforms.Build.0 = Release|x86
		{4ACE6EE9-6D4F-4F03-AA8E-1459D3E35D16}.Release|Win32.ActiveCfg = Release|x86
		{4ACE6EE9-6D4F-4F03-AA8E-1459D3E35D16}.Release|Win32.Build.0 = Release|x86
		{4ACE6EE9-6D4F-4F03-AA8E-1459D3E35D16}.Release|x86.ActiveCfg = Release|x86
		{4ACE6EE9-6D4F-4F03-AA8E-1459D3E35D16}.Release|x86.Build.0 = Release|x86
		{9B6F4AAC-1B76-4CB6-B7CE-EFBBB0C7F5C0}.Debug|Any CPU.ActiveCfg = Debug|Any CPU
		{9B6F4AAC-1B76-4CB6-B7CE-EFBBB0C7F5C0}.Debug|Any CPU.Build.0 = Debug|Any CPU
		{9B6F4AAC-1B76-4CB6-B7CE-EFBBB0C7F5C0}.Debug|Mixed Platforms.ActiveCfg = Debug|x86
		{9B6F4AAC-1B76-4CB6-B7CE-EFBBB0C7F5C0}.Debug|Mixed Platforms.Build.0 = Debug|x86
		{9B6F4AAC-1B76-4CB6-B7CE-EFBBB0C7F5C0}.Debug|Win32.ActiveCfg = Debug|x86
		{9B6F4AAC-1B76-4CB6-B7CE-EFBBB0C7F5C0}.Debug|Win32.Build.0 = Debug|x86
		{9B6F4AAC-1B76-4CB6-B7CE-EFBBB0C7F5C0}.Debug|x86.ActiveCfg = Debug|x86
		{9B6F4AAC-1B76-4CB6-B7CE-EFBBB0C7F5C0}.Debug|x86.Build.0 = Debug|x86
		{9B6F4AAC-1B76-4CB6-B7CE-EFBBB0C7F5C0}.Release|Any CPU.ActiveCfg = Release|Any CPU
		{9B6F4AAC-1B76-4CB6-B7CE-EFBBB0C7F5C0}.Release|Any CPU.Build.0 = Release|Any CPU
		{9B6F4AAC-1B76-4CB6-B7CE-EFBBB0C7F5C0}.Release|Mixed Platforms.ActiveCfg = Release|x86
		{9B6F4AAC-1B76-4CB6-B7CE-EFBBB0C7F5C0}.Release|Mixed Platforms.Build.0 = Release|x86
		{9B6F4AAC-1B76-4CB6-B7CE-EFBBB0C7F5C0}.Release|Win32.ActiveCfg = Release|x86
		{9B6F4AAC-1B76-4CB6-B7CE-EFBBB0C7F5C0}.Release|Win32.Build.0 = Release|x86
		{9B6F4AAC-1B76-4CB6-B7CE-EFBBB0C7F5C0}.Release|x86.ActiveCfg = Release|x86
		{9B6F4AAC-1B76-4CB6-B7CE-EFBBB0C7F5C0}.Release|x86.Build.0 = Release|x86
		{30C23BA2-6437-42AB-A1D0-C3CDCCCEEA6E}.Debug|Any CPU.ActiveCfg = Debug|x86
		{30C23BA2-6437-42AB-A1D0-C3CDCCCEEA6E}.Debug|Any CPU.Build.0 = Debug|x86
		{30C23BA2-6437-42AB-A1D0-C3CDCCCEEA6E}.Debug|Mixed Platforms.ActiveCfg = Debug|x86
		{30C23BA2-6437-42AB-A1D0-C3CDCCCEEA6E}.Debug|Mixed Platforms.Build.0 = Debug|x86
		{30C23BA2-6437-42AB-A1D0-C3CDCCCEEA6E}.Debug|Win32.ActiveCfg = Debug|x86
		{30C23BA2-6437-42AB-A1D0-C3CDCCCEEA6E}.Debug|Win32.Build.0 = Debug|x86
		{30C23BA2-6437-42AB-A1D0-C3CDCCCEEA6E}.Debug|x86.ActiveCfg = Debug|x86
		{30C23BA2-6437-42AB-A1D0-C3CDCCCEEA6E}.Debug|x86.Build.0 = Debug|x86
		{30C23BA2-6437-42AB-A1D0-C3CDCCCEEA6E}.Release|Any CPU.ActiveCfg = Release|x86
		{30C23BA2-6437-42AB-A1D0-C3CDCCCEEA6E}.Release|Any CPU.Build.0 = Release|x86
		{30C23BA2-6437-42AB-A1D0-C3CDCCCEEA6E}.Release|Mixed Platforms.ActiveCfg = Release|x86
		{30C23BA2-6437-42AB-A1D0-C3CDCCCEEA6E}.Release|Mixed Platforms.Build.0 = Release|x86
		{30C23BA2-6437-42AB-A1D0-C3CDCCCEEA6E}.Release|Win32.ActiveCfg = Release|x86
		{30C23BA2-6437-42AB-A1D0-C3CDCCCEEA6E}.Release|Win32.Build.0 = Release|x86
		{30C23BA2-6437-42AB-A1D0-C3CDCCCEEA6E}.Release|x86.ActiveCfg = Release|x86
		{30C23BA2-6437-42AB-A1D0-C3CDCCCEEA6E}.Release|x86.Build.0 = Release|x86
		{46C69906-7D2A-4A47-BE44-49D737AD2040}.Debug|Any CPU.ActiveCfg = Debug|x86
		{46C69906-7D2A-4A47-BE44-49D737AD2040}.Debug|Any CPU.Build.0 = Debug|x86
		{46C69906-7D2A-4A47-BE44-49D737AD2040}.Debug|Mixed Platforms.ActiveCfg = Debug|x86
		{46C69906-7D2A-4A47-BE44-49D737AD2040}.Debug|Mixed Platforms.Build.0 = Debug|x86
		{46C69906-7D2A-4A47-BE44-49D737AD2040}.Debug|Win32.ActiveCfg = Debug|x86
		{46C69906-7D2A-4A47-BE44-49D737AD2040}.Debug|Win32.Build.0 = Debug|x86
		{46C69906-7D2A-4A47-BE44-49D737AD2040}.Debug|x86.ActiveCfg = Debug|x86
		{46C69906-7D2A-4A47-BE44-49D737AD2040}.Debug|x86.Build.0 = Debug|x86
		{46C69906-7D2A-4A47-BE44-49D737AD2040}.Release|Any CPU.ActiveCfg = Release|x86
		{46C69906-7D2A-4A47-BE44-49D737AD2040}.Release|Any CPU.Build.0 = Release|x86
		{46C69906-7D2A-4A47-BE44-49D737AD2040}.Release|Mixed Platforms.ActiveCfg = Release|x86
		{46C69906-7D2A-4A47-BE44-49D737AD2040}.Release|Mixed Platforms.Build.0 = Release|x86
		{46C69906-7D2A-4A47-BE44-49D737AD2040}.Release|Win32.ActiveCfg = Release|x86
		{46C69906-7D2A-4A47-BE44-49D737AD2040}.Release|Win32.Build.0 = Release|x86
		{46C69906-7D2A-4A47-BE44-49D737AD2040}.Release|x86.ActiveCfg = Release|x86
		{46C69906-7D2A-4A47-BE44-49D737AD2040}.Release|x86.Build.0 = Release|x86
		{3C2FAD20-CEE7-41E0-8752-EBA884AA68A4}.Debug|Any CPU.ActiveCfg = Debug|x86
		{3C2FAD20-CEE7-41E0-8752-EBA884AA68A4}.Debug|Any CPU.Build.0 = Debug|x86
		{3C2FAD20-CEE7-41E0-8752-EBA884AA68A4}.Debug|Mixed Platforms.ActiveCfg = Debug|x86
		{3C2FAD20-CEE7-41E0-8752-EBA884AA68A4}.Debug|Mixed Platforms.Build.0 = Debug|x86
		{3C2FAD20-CEE7-41E0-8752-EBA884AA68A4}.Debug|Win32.ActiveCfg = Debug|x86
		{3C2FAD20-CEE7-41E0-8752-EBA884AA68A4}.Debug|Win32.Build.0 = Debug|x86
		{3C2FAD20-CEE7-41E0-8752-EBA884AA68A4}.Debug|x86.ActiveCfg = Debug|x86
		{3C2FAD20-CEE7-41E0-8752-EBA884AA68A4}.Debug|x86.Build.0 = Debug|x86
		{3C2FAD20-CEE7-41E0-8752-EBA884AA68A4}.Release|Any CPU.ActiveCfg = Release|x86
		{3C2FAD20-CEE7-41E0-8752-EBA884AA68A4}.Release|Any CPU.Build.0 = Release|x86
		{3C2FAD20-CEE7-41E0-8752-EBA884AA68A4}.Release|Mixed Platforms.ActiveCfg = Release|x86
		{3C2FAD20-CEE7-41E0-8752-EBA884AA68A4}.Release|Mixed Platforms.Build.0 = Release|x86
		{3C2FAD20-CEE7-41E0-8752-EBA884AA68A4}.Release|Win32.ActiveCfg = Release|x86
		{3C2FAD20-CEE7-41E0-8752-EBA884AA68A4}.Release|Win32.Build.0 = Release|x86
		{3C2FAD20-CEE7-41E0-8752-EBA884AA68A4}.Release|x86.ActiveCfg = Release|x86
		{3C2FAD20-CEE7-41E0-8752-EBA884AA68A4}.Release|x86.Build.0 = Release|x86
		{9CD41607-7DA3-4409-8883-C571069365FF}.Debug|Any CPU.ActiveCfg = Debug|x86
		{9CD41607-7DA3-4409-8883-C571069365FF}.Debug|Any CPU.Build.0 = Debug|x86
		{9CD41607-7DA3-4409-8883-C571069365FF}.Debug|Mixed Platforms.ActiveCfg = Debug|x86
		{9CD41607-7DA3-4409-8883-C571069365FF}.Debug|Mixed Platforms.Build.0 = Debug|x86
		{9CD41607-7DA3-4409-8883-C571069365FF}.Debug|Win32.ActiveCfg = Debug|x86
		{9CD41607-7DA3-4409-8883-C571069365FF}.Debug|Win32.Build.0 = Debug|x86
		{9CD41607-7DA3-4409-8883-C571069365FF}.Debug|x86.ActiveCfg = Debug|x86
		{9CD41607-7DA3-4409-8883-C571069365FF}.Debug|x86.Build.0 = Debug|x86
		{9CD41607-7DA3-4409-8883-C571069365FF}.Release|Any CPU.ActiveCfg = Release|x86
		{9CD41607-7DA3-4409-8883-C571069365FF}.Release|Any CPU.Build.0 = Release|x86
		{9CD41607-7DA3-4409-8883-C571069365FF}.Release|Mixed Platforms.ActiveCfg = Release|x86
		{9CD41607-7DA3-4409-8883-C571069365FF}.Release|Mixed Platforms.Build.0 = Release|x86
		{9CD41607-7DA3-4409-8883-C571069365FF}.Release|Win32.ActiveCfg = Release|x86
		{9CD41607-7DA3-4409-8883-C571069365FF}.Release|Win32.Build.0 = Release|x86
		{9CD41607-7DA3-4409-8883-C571069365FF}.Release|x86.ActiveCfg = Release|x86
		{9CD41607-7DA3-4409-8883-C571069365FF}.Release|x86.Build.0 = Release|x86
		{B948BBD7-BC7D-41E5-BB6C-E00412AE22D4}.Debug|Any CPU.ActiveCfg = Debug|x86
		{B948BBD7-BC7D-41E5-BB6C-E00412AE22D4}.Debug|Any CPU.Build.0 = Debug|x86
		{B948BBD7-BC7D-41E5-BB6C-E00412AE22D4}.Debug|Mixed Platforms.ActiveCfg = Debug|x86
		{B948BBD7-BC7D-41E5-BB6C-E00412AE22D4}.Debug|Mixed Platforms.Build.0 = Debug|x86
		{B948BBD7-BC7D-41E5-BB6C-E00412AE22D4}.Debug|Win32.ActiveCfg = Debug|x86
		{B948BBD7-BC7D-41E5-BB6C-E00412AE22D4}.Debug|Win32.Build.0 = Debug|x86
		{B948BBD7-BC7D-41E5-BB6C-E00412AE22D4}.Debug|x86.ActiveCfg = Debug|x86
		{B948BBD7-BC7D-41E5-BB6C-E00412AE22D4}.Debug|x86.Build.0 = Debug|x86
		{B948BBD7-BC7D-41E5-BB6C-E00412AE22D4}.Release|Any CPU.ActiveCfg = Release|x86
		{B948BBD7-BC7D-41E5-BB6C-E00412AE22D4}.Release|Any CPU.Build.0 = Release|x86
		{B948BBD7-BC7D-41E5-BB6C-E00412AE22D4}.Release|Mixed Platforms.ActiveCfg = Release|x86
		{B948BBD7-BC7D-41E5-BB6C-E00412AE22D4}.Release|Mixed Platforms.Build.0 = Release|x86
		{B948BBD7-BC7D-41E5-BB6C-E00412AE22D4}.Release|Win32.ActiveCfg = Release|x86
		{B948BBD7-BC7D-41E5-BB6C-E00412AE22D4}.Release|Win32.Build.0 = Release|x86
		{B948BBD7-BC7D-41E5-BB6C-E00412AE22D4}.Release|x86.ActiveCfg = Release|x86
		{B948BBD7-BC7D-41E5-BB6C-E00412AE22D4}.Release|x86.Build.0 = Release|x86
		{7D212EEB-E156-448D-8109-77FA17E59DFB}.Debug|Any CPU.ActiveCfg = Debug|x86
		{7D212EEB-E156-448D-8109-77FA17E59DFB}.Debug|Any CPU.Build.0 = Debug|x86
		{7D212EEB-E156-448D-8109-77FA17E59DFB}.Debug|Mixed Platforms.ActiveCfg = Debug|x86
		{7D212EEB-E156-448D-8109-77FA17E59DFB}.Debug|Mixed Platforms.Build.0 = Debug|x86
		{7D212EEB-E156-448D-8109-77FA17E59DFB}.Debug|Win32.ActiveCfg = Debug|x86
		{7D212EEB-E156-448D-8109-77FA17E59DFB}.Debug|Win32.Build.0 = Debug|x86
		{7D212EEB-E156-448D-8109-77FA17E59DFB}.Debug|x86.ActiveCfg = Debug|x86
		{7D212EEB-E156-448D-8109-77FA17E59DFB}.Debug|x86.Build.0 = Debug|x86
		{7D212EEB-E156-448D-8109-77FA17E59DFB}.Release|Any CPU.ActiveCfg = Release|x86
		{7D212EEB-E156-448D-8109-77FA17E59DFB}.Release|Any CPU.Build.0 = Release|x86
		{7D212EEB-E156-448D-8109-77FA17E59DFB}.Release|Mixed Platforms.ActiveCfg = Release|x86
		{7D212EEB-E156-448D-8109-77FA17E59DFB}.Release|Mixed Platforms.Build.0 = Release|x86
		{7D212EEB-E156-448D-8109-77FA17E59DFB}.Release|Win32.ActiveCfg = Release|x86
		{7D212EEB-E156-448D-8109-77FA17E59DFB}.Release|Win32.Build.0 = Release|x86
		{7D212EEB-E156-448D-8109-77FA17E59DFB}.Release|x86.ActiveCfg = Release|x86
		{7D212EEB-E156-448D-8109-77FA17E59DFB}.Release|x86.Build.0 = Release|x86
		{D18334FA-6CE5-4314-98C1-F39FD411F2A8}.Debug|Any CPU.ActiveCfg = Debug|x86
		{D18334FA-6CE5-4314-98C1-F39FD411F2A8}.Debug|Any CPU.Build.0 = Debug|x86
		{D18334FA-6CE5-4314-98C1-F39FD411F2A8}.Debug|Mixed Platforms.ActiveCfg = Debug|x86
		{D18334FA-6CE5-4314-98C1-F39FD411F2A8}.Debug|Mixed Platforms.Build.0 = Debug|x86
		{D18334FA-6CE5-4314-98C1-F39FD411F2A8}.Debug|Win32.ActiveCfg = Debug|x86
		{D18334FA-6CE5-4314-98C1-F39FD411F2A8}.Debug|Win32.Build.0 = Debug|x86
		{D18334FA-6CE5-4314-98C1-F39FD411F2A8}.Debug|x86.ActiveCfg = Debug|x86
		{D18334FA-6CE5-4314-98C1-F39FD411F2A8}.Debug|x86.Build.0 = Debug|x86
		{D18334FA-6CE5-4314-98C1-F39FD411F2A8}.Release|Any CPU.ActiveCfg = Release|x86
		{D18334FA-6CE5-4314-98C1-F39FD411F2A8}.Release|Any CPU.Build.0 = Release|x86
		{D18334FA-6CE5-4314-98C1-F39FD411F2A8}.Release|Mixed Platforms.ActiveCfg = Release|x86
		{D18334FA-6CE5-4314-98C1-F39FD411F2A8}.Release|Mixed Platforms.Build.0 = Release|x86
		{D18334FA-6CE5-4314-98C1-F39FD411F2A8}.Release|Win32.ActiveCfg = Release|x86
		{D18334FA-6CE5-4314-98C1-F39FD411F2A8}.Release|Win32.Build.0 = Release|x86
		{D18334FA-6CE5-4314-98C1-F39FD411F2A8}.Release|x86.ActiveCfg = Release|x86
		{D18334FA-6CE5-4314-98C1-F39FD411F2A8}.Release|x86.Build.0 = Release|x86
		{B1F2AFFF-54E8-43E3-B8AF-CACC02240289}.Debug|Any CPU.ActiveCfg = Debug|x86
		{B1F2AFFF-54E8-43E3-B8AF-CACC02240289}.Debug|Any CPU.Build.0 = Debug|x86
		{B1F2AFFF-54E8-43E3-B8AF-CACC02240289}.Debug|Mixed Platforms.ActiveCfg = Debug|x86
		{B1F2AFFF-54E8-43E3-B8AF-CACC02240289}.Debug|Mixed Platforms.Build.0 = Debug|x86
		{B1F2AFFF-54E8-43E3-B8AF-CACC02240289}.Debug|Win32.ActiveCfg = Debug|x86
		{B1F2AFFF-54E8-43E3-B8AF-CACC02240289}.Debug|Win32.Build.0 = Debug|x86
		{B1F2AFFF-54E8-43E3-B8AF-CACC02240289}.Debug|x86.ActiveCfg = Debug|x86
		{B1F2AFFF-54E8-43E3-B8AF-CACC02240289}.Debug|x86.Build.0 = Debug|x86
		{B1F2AFFF-54E8-43E3-B8AF-CACC02240289}.Release|Any CPU.ActiveCfg = Release|x86
		{B1F2AFFF-54E8-43E3-B8AF-CACC02240289}.Release|Any CPU.Build.0 = Release|x86
		{B1F2AFFF-54E8-43E3-B8AF-CACC02240289}.Release|Mixed Platforms.ActiveCfg = Release|x86
		{B1F2AFFF-54E8-43E3-B8AF-CACC02240289}.Release|Mixed Platforms.Build.0 = Release|x86
		{B1F2AFFF-54E8-43E3-B8AF-CACC02240289}.Release|Win32.ActiveCfg = Release|x86
		{B1F2AFFF-54E8-43E3-B8AF-CACC02240289}.Release|Win32.Build.0 = Release|x86
		{B1F2AFFF-54E8-43E3-B8AF-CACC02240289}.Release|x86.ActiveCfg = Release|x86
		{B1F2AFFF-54E8-43E3-B8AF-CACC02240289}.Release|x86.Build.0 = Release|x86
		{3DFABD0B-14C1-4B70-8CDE-5EFB245804C6}.Debug|Any CPU.ActiveCfg = Debug|x86
		{3DFABD0B-14C1-4B70-8CDE-5EFB245804C6}.Debug|Any CPU.Build.0 = Debug|x86
		{3DFABD0B-14C1-4B70-8CDE-5EFB245804C6}.Debug|Mixed Platforms.ActiveCfg = Debug|x86
		{3DFABD0B-14C1-4B70-8CDE-5EFB245804C6}.Debug|Mixed Platforms.Build.0 = Debug|x86
		{3DFABD0B-14C1-4B70-8CDE-5EFB245804C6}.Debug|Win32.ActiveCfg = Debug|x86
		{3DFABD0B-14C1-4B70-8CDE-5EFB245804C6}.Debug|Win32.Build.0 = Debug|x86
		{3DFABD0B-14C1-4B70-8CDE-5EFB245804C6}.Debug|x86.ActiveCfg = Debug|x86
		{3DFABD0B-14C1-4B70-8CDE-5EFB245804C6}.Debug|x86.Build.0 = Debug|x86
		{3DFABD0B-14C1-4B70-8CDE-5EFB245804C6}.Release|Any CPU.ActiveCfg = Release|x86
		{3DFABD0B-14C1-4B70-8CDE-5EFB245804C6}.Release|Any CPU.Build.0 = Release|x86
		{3DFABD0B-14C1-4B70-8CDE-5EFB245804C6}.Release|Mixed Platforms.ActiveCfg = Release|x86
		{3DFABD0B-14C1-4B70-8CDE-5EFB245804C6}.Release|Mixed Platforms.Build.0 = Release|x86
		{3DFABD0B-14C1-4B70-8CDE-5EFB245804C6}.Release|Win32.ActiveCfg = Release|x86
		{3DFABD0B-14C1-4B70-8CDE-5EFB245804C6}.Release|Win32.Build.0 = Release|x86
		{3DFABD0B-14C1-4B70-8CDE-5EFB245804C6}.Release|x86.ActiveCfg = Release|x86
		{3DFABD0B-14C1-4B70-8CDE-5EFB245804C6}.Release|x86.Build.0 = Release|x86
		{98482CFC-87CD-4DD1-B3F7-F72CAB6B293D}.Debug|Any CPU.ActiveCfg = Debug|Any CPU
		{98482CFC-87CD-4DD1-B3F7-F72CAB6B293D}.Debug|Any CPU.Build.0 = Debug|Any CPU
		{98482CFC-87CD-4DD1-B3F7-F72CAB6B293D}.Debug|Mixed Platforms.ActiveCfg = Debug|Any CPU
		{98482CFC-87CD-4DD1-B3F7-F72CAB6B293D}.Debug|Mixed Platforms.Build.0 = Debug|Any CPU
		{98482CFC-87CD-4DD1-B3F7-F72CAB6B293D}.Debug|Win32.ActiveCfg = Debug|Any CPU
		{98482CFC-87CD-4DD1-B3F7-F72CAB6B293D}.Debug|x86.ActiveCfg = Debug|Any CPU
		{98482CFC-87CD-4DD1-B3F7-F72CAB6B293D}.Release|Any CPU.ActiveCfg = Release|Any CPU
		{98482CFC-87CD-4DD1-B3F7-F72CAB6B293D}.Release|Any CPU.Build.0 = Release|Any CPU
		{98482CFC-87CD-4DD1-B3F7-F72CAB6B293D}.Release|Mixed Platforms.ActiveCfg = Release|Any CPU
		{98482CFC-87CD-4DD1-B3F7-F72CAB6B293D}.Release|Mixed Platforms.Build.0 = Release|Any CPU
		{98482CFC-87CD-4DD1-B3F7-F72CAB6B293D}.Release|Win32.ActiveCfg = Release|Any CPU
		{98482CFC-87CD-4DD1-B3F7-F72CAB6B293D}.Release|x86.ActiveCfg = Release|Any CPU
		{A214D0D3-F401-47BE-AA7A-ACCA8EAF4287}.Debug|Any CPU.ActiveCfg = Debug|x86
		{A214D0D3-F401-47BE-AA7A-ACCA8EAF4287}.Debug|Any CPU.Build.0 = Debug|x86
		{A214D0D3-F401-47BE-AA7A-ACCA8EAF4287}.Debug|Mixed Platforms.ActiveCfg = Debug|x86
		{A214D0D3-F401-47BE-AA7A-ACCA8EAF4287}.Debug|Mixed Platforms.Build.0 = Debug|x86
		{A214D0D3-F401-47BE-AA7A-ACCA8EAF4287}.Debug|Win32.ActiveCfg = Debug|x86
		{A214D0D3-F401-47BE-AA7A-ACCA8EAF4287}.Debug|Win32.Build.0 = Debug|x86
		{A214D0D3-F401-47BE-AA7A-ACCA8EAF4287}.Debug|x86.ActiveCfg = Debug|x86
		{A214D0D3-F401-47BE-AA7A-ACCA8EAF4287}.Debug|x86.Build.0 = Debug|x86
		{A214D0D3-F401-47BE-AA7A-ACCA8EAF4287}.Release|Any CPU.ActiveCfg = Release|x86
		{A214D0D3-F401-47BE-AA7A-ACCA8EAF4287}.Release|Any CPU.Build.0 = Release|x86
		{A214D0D3-F401-47BE-AA7A-ACCA8EAF4287}.Release|Mixed Platforms.ActiveCfg = Release|x86
		{A214D0D3-F401-47BE-AA7A-ACCA8EAF4287}.Release|Mixed Platforms.Build.0 = Release|x86
		{A214D0D3-F401-47BE-AA7A-ACCA8EAF4287}.Release|Win32.ActiveCfg = Release|x86
		{A214D0D3-F401-47BE-AA7A-ACCA8EAF4287}.Release|Win32.Build.0 = Release|x86
		{A214D0D3-F401-47BE-AA7A-ACCA8EAF4287}.Release|x86.ActiveCfg = Release|x86
		{A214D0D3-F401-47BE-AA7A-ACCA8EAF4287}.Release|x86.Build.0 = Release|x86
		{90A9C907-11AD-4754-8B70-51CCB3A6C98A}.Debug|Any CPU.ActiveCfg = Debug|Any CPU
		{90A9C907-11AD-4754-8B70-51CCB3A6C98A}.Debug|Any CPU.Build.0 = Debug|Any CPU
		{90A9C907-11AD-4754-8B70-51CCB3A6C98A}.Debug|Mixed Platforms.ActiveCfg = Debug|Any CPU
		{90A9C907-11AD-4754-8B70-51CCB3A6C98A}.Debug|Mixed Platforms.Build.0 = Debug|Any CPU
		{90A9C907-11AD-4754-8B70-51CCB3A6C98A}.Debug|Win32.ActiveCfg = Debug|Any CPU
		{90A9C907-11AD-4754-8B70-51CCB3A6C98A}.Debug|x86.ActiveCfg = Debug|Any CPU
		{90A9C907-11AD-4754-8B70-51CCB3A6C98A}.Release|Any CPU.ActiveCfg = Release|Any CPU
		{90A9C907-11AD-4754-8B70-51CCB3A6C98A}.Release|Any CPU.Build.0 = Release|Any CPU
		{90A9C907-11AD-4754-8B70-51CCB3A6C98A}.Release|Mixed Platforms.ActiveCfg = Release|Any CPU
		{90A9C907-11AD-4754-8B70-51CCB3A6C98A}.Release|Mixed Platforms.Build.0 = Release|Any CPU
		{90A9C907-11AD-4754-8B70-51CCB3A6C98A}.Release|Win32.ActiveCfg = Release|Any CPU
		{90A9C907-11AD-4754-8B70-51CCB3A6C98A}.Release|x86.ActiveCfg = Release|Any CPU
		{1D70EC1D-7B9F-4367-9258-DCB286EBDE82}.Debug|Any CPU.ActiveCfg = Debug|Any CPU
		{1D70EC1D-7B9F-4367-9258-DCB286EBDE82}.Debug|Any CPU.Build.0 = Debug|Any CPU
		{1D70EC1D-7B9F-4367-9258-DCB286EBDE82}.Debug|Mixed Platforms.ActiveCfg = Debug|Any CPU
		{1D70EC1D-7B9F-4367-9258-DCB286EBDE82}.Debug|Mixed Platforms.Build.0 = Debug|Any CPU
		{1D70EC1D-7B9F-4367-9258-DCB286EBDE82}.Debug|Win32.ActiveCfg = Debug|Any CPU
		{1D70EC1D-7B9F-4367-9258-DCB286EBDE82}.Debug|x86.ActiveCfg = Debug|Any CPU
		{1D70EC1D-7B9F-4367-9258-DCB286EBDE82}.Release|Any CPU.ActiveCfg = Release|Any CPU
		{1D70EC1D-7B9F-4367-9258-DCB286EBDE82}.Release|Any CPU.Build.0 = Release|Any CPU
		{1D70EC1D-7B9F-4367-9258-DCB286EBDE82}.Release|Mixed Platforms.ActiveCfg = Release|Any CPU
		{1D70EC1D-7B9F-4367-9258-DCB286EBDE82}.Release|Mixed Platforms.Build.0 = Release|Any CPU
		{1D70EC1D-7B9F-4367-9258-DCB286EBDE82}.Release|Win32.ActiveCfg = Release|Any CPU
		{1D70EC1D-7B9F-4367-9258-DCB286EBDE82}.Release|x86.ActiveCfg = Release|Any CPU
		{BCD0E027-6DDC-4784-9E36-20835B85E4A3}.Debug|Any CPU.ActiveCfg = Debug|Any CPU
		{BCD0E027-6DDC-4784-9E36-20835B85E4A3}.Debug|Any CPU.Build.0 = Debug|Any CPU
		{BCD0E027-6DDC-4784-9E36-20835B85E4A3}.Debug|Mixed Platforms.ActiveCfg = Debug|Any CPU
		{BCD0E027-6DDC-4784-9E36-20835B85E4A3}.Debug|Mixed Platforms.Build.0 = Debug|Any CPU
		{BCD0E027-6DDC-4784-9E36-20835B85E4A3}.Debug|Win32.ActiveCfg = Debug|Any CPU
		{BCD0E027-6DDC-4784-9E36-20835B85E4A3}.Debug|x86.ActiveCfg = Debug|Any CPU
		{BCD0E027-6DDC-4784-9E36-20835B85E4A3}.Release|Any CPU.ActiveCfg = Release|Any CPU
		{BCD0E027-6DDC-4784-9E36-20835B85E4A3}.Release|Any CPU.Build.0 = Release|Any CPU
		{BCD0E027-6DDC-4784-9E36-20835B85E4A3}.Release|Mixed Platforms.ActiveCfg = Release|Any CPU
		{BCD0E027-6DDC-4784-9E36-20835B85E4A3}.Release|Mixed Platforms.Build.0 = Release|Any CPU
		{BCD0E027-6DDC-4784-9E36-20835B85E4A3}.Release|Win32.ActiveCfg = Release|Any CPU
		{BCD0E027-6DDC-4784-9E36-20835B85E4A3}.Release|x86.ActiveCfg = Release|Any CPU
		{7C1D0B1F-8C51-4D0D-95D4-780596506291}.Debug|Any CPU.ActiveCfg = Debug|Any CPU
		{7C1D0B1F-8C51-4D0D-95D4-780596506291}.Debug|Any CPU.Build.0 = Debug|Any CPU
		{7C1D0B1F-8C51-4D0D-95D4-780596506291}.Debug|Mixed Platforms.ActiveCfg = Debug|Any CPU
		{7C1D0B1F-8C51-4D0D-95D4-780596506291}.Debug|Mixed Platforms.Build.0 = Debug|Any CPU
		{7C1D0B1F-8C51-4D0D-95D4-780596506291}.Debug|Win32.ActiveCfg = Debug|Any CPU
		{7C1D0B1F-8C51-4D0D-95D4-780596506291}.Debug|x86.ActiveCfg = Debug|Any CPU
		{7C1D0B1F-8C51-4D0D-95D4-780596506291}.Release|Any CPU.ActiveCfg = Release|Any CPU
		{7C1D0B1F-8C51-4D0D-95D4-780596506291}.Release|Any CPU.Build.0 = Release|Any CPU
		{7C1D0B1F-8C51-4D0D-95D4-780596506291}.Release|Mixed Platforms.ActiveCfg = Release|Any CPU
		{7C1D0B1F-8C51-4D0D-95D4-780596506291}.Release|Mixed Platforms.Build.0 = Release|Any CPU
		{7C1D0B1F-8C51-4D0D-95D4-780596506291}.Release|Win32.ActiveCfg = Release|Any CPU
		{7C1D0B1F-8C51-4D0D-95D4-780596506291}.Release|x86.ActiveCfg = Release|Any CPU
		{BD25C8CB-A6C2-4041-AE32-CD0E91696759}.Debug|Any CPU.ActiveCfg = Debug|Any CPU
		{BD25C8CB-A6C2-4041-AE32-CD0E91696759}.Debug|Any CPU.Build.0 = Debug|Any CPU
		{BD25C8CB-A6C2-4041-AE32-CD0E91696759}.Debug|Mixed Platforms.ActiveCfg = Debug|Any CPU
		{BD25C8CB-A6C2-4041-AE32-CD0E91696759}.Debug|Mixed Platforms.Build.0 = Debug|Any CPU
		{BD25C8CB-A6C2-4041-AE32-CD0E91696759}.Debug|Win32.ActiveCfg = Debug|Any CPU
		{BD25C8CB-A6C2-4041-AE32-CD0E91696759}.Debug|x86.ActiveCfg = Debug|Any CPU
		{BD25C8CB-A6C2-4041-AE32-CD0E91696759}.Release|Any CPU.ActiveCfg = Release|Any CPU
		{BD25C8CB-A6C2-4041-AE32-CD0E91696759}.Release|Any CPU.Build.0 = Release|Any CPU
		{BD25C8CB-A6C2-4041-AE32-CD0E91696759}.Release|Mixed Platforms.ActiveCfg = Release|Any CPU
		{BD25C8CB-A6C2-4041-AE32-CD0E91696759}.Release|Mixed Platforms.Build.0 = Release|Any CPU
		{BD25C8CB-A6C2-4041-AE32-CD0E91696759}.Release|Win32.ActiveCfg = Release|Any CPU
		{BD25C8CB-A6C2-4041-AE32-CD0E91696759}.Release|x86.ActiveCfg = Release|Any CPU
	EndGlobalSection
	GlobalSection(SolutionProperties) = preSolution
		HideSolutionNode = FALSE
	EndGlobalSection
	GlobalSection(NestedProjects) = preSolution
		{2EE1AFC5-E8E6-4B07-ADB3-EF71A204BE18} = {937488AD-919D-484A-B175-76AA86F0CC82}
		{9B6F4AAC-1B76-4CB6-B7CE-EFBBB0C7F5C0} = {937488AD-919D-484A-B175-76AA86F0CC82}
		{30C23BA2-6437-42AB-A1D0-C3CDCCCEEA6E} = {937488AD-919D-484A-B175-76AA86F0CC82}
		{46C69906-7D2A-4A47-BE44-49D737AD2040} = {937488AD-919D-484A-B175-76AA86F0CC82}
		{3C2FAD20-CEE7-41E0-8752-EBA884AA68A4} = {937488AD-919D-484A-B175-76AA86F0CC82}
		{9CD41607-7DA3-4409-8883-C571069365FF} = {937488AD-919D-484A-B175-76AA86F0CC82}
		{B948BBD7-BC7D-41E5-BB6C-E00412AE22D4} = {937488AD-919D-484A-B175-76AA86F0CC82}
		{7D212EEB-E156-448D-8109-77FA17E59DFB} = {937488AD-919D-484A-B175-76AA86F0CC82}
		{D18334FA-6CE5-4314-98C1-F39FD411F2A8} = {937488AD-919D-484A-B175-76AA86F0CC82}
		{B1F2AFFF-54E8-43E3-B8AF-CACC02240289} = {937488AD-919D-484A-B175-76AA86F0CC82}
		{3DFABD0B-14C1-4B70-8CDE-5EFB245804C6} = {937488AD-919D-484A-B175-76AA86F0CC82}
		{42F70066-1EBA-48AD-BD36-EBB844DC1753} = {2EE1AFC5-E8E6-4B07-ADB3-EF71A204BE18}
		{4ACE6EE9-6D4F-4F03-AA8E-1459D3E35D16} = {2EE1AFC5-E8E6-4B07-ADB3-EF71A204BE18}
		{98482CFC-87CD-4DD1-B3F7-F72CAB6B293D} = {95C726C6-AD83-436D-B731-7940F73615A6}
		{A214D0D3-F401-47BE-AA7A-ACCA8EAF4287} = {95C726C6-AD83-436D-B731-7940F73615A6}
		{BD25C8CB-A6C2-4041-AE32-CD0E91696759} = {95C726C6-AD83-436D-B731-7940F73615A6}
	EndGlobalSection
EndGlobal
